
Microsoft Visual Studio Solution File, Format Version 12.00
# Visual Studio Version 17
VisualStudioVersion = 17.5.33627.172
MinimumVisualStudioVersion = 10.0.40219.1
Project("{FAE04EC0-301F-11D3-BF4B-00C04F79EFBC}") = "SEDC.PizzaApp", "SEDC.PizzaApp\SEDC.PizzaApp.csproj", "{EFA08C5D-52CA-4F01-A9A6-CD1D9B47E8D0}"
EndProject
Global
	GlobalSection(SolutionConfigurationPlatforms) = preSolution
		Debug|Any CPU = Debug|Any CPU
		Release|Any CPU = Release|Any CPU
	EndGlobalSection
	GlobalSection(ProjectConfigurationPlatforms) = postSolution
		{EFA08C5D-52CA-4F01-A9A6-CD1D9B47E8D0}.Debug|Any CPU.ActiveCfg = Debug|Any CPU
		{EFA08C5D-52CA-4F01-A9A6-CD1D9B47E8D0}.Debug|Any CPU.Build.0 = Debug|Any CPU
		{EFA08C5D-52CA-4F01-A9A6-CD1D9B47E8D0}.Release|Any CPU.ActiveCfg = Release|Any CPU
		{EFA08C5D-52CA-4F01-A9A6-CD1D9B47E8D0}.Release|Any CPU.Build.0 = Release|Any CPU
	EndGlobalSection
	GlobalSection(SolutionProperties) = preSolution
		HideSolutionNode = FALSE
	EndGlobalSection
	GlobalSection(ExtensibilityGlobals) = postSolution
		SolutionGuid = {816E1AA7-2E61-412B-A897-65DB2BEE5CB1}
	EndGlobalSection
EndGlobal
