
Microsoft Visual Studio Solution File, Format Version 12.00
# Visual Studio Version 17
VisualStudioVersion = 17.5.33627.172
MinimumVisualStudioVersion = 10.0.40219.1
Project("{9A19103F-16F7-4668-BE54-9A1E7A4F7556}") = "SEDC.PizzaApp.Refactored", "SEDC.PizzaApp.Refactored\SEDC.PizzaApp.Refactored.csproj", "{FA2CC110-93EA-47E0-8B18-7C8B39BA70C3}"
EndProject
Project("{9A19103F-16F7-4668-BE54-9A1E7A4F7556}") = "SEDC.PizzaApp.Refactored.Domain", "SEDC.PizzaApp.Refactored.Domain\SEDC.PizzaApp.Refactored.Domain.csproj", "{58A7B501-12F6-46EE-B3E1-0B01704AF4C5}"
EndProject
Project("{9A19103F-16F7-4668-BE54-9A1E7A4F7556}") = "SEDC.PizzaApp.Refactored.Services", "SEDC.PizzaApp.Refactored.Services\SEDC.PizzaApp.Refactored.Services.csproj", "{7423BC72-49D2-4D65-883A-B4624690DD8F}"
EndProject
Project("{9A19103F-16F7-4668-BE54-9A1E7A4F7556}") = "SEDC.PizzaApp.Refactored.DataAccess", "SEDC.PizzaApp.Refactored.DataAccess\SEDC.PizzaApp.Refactored.DataAccess.csproj", "{82047070-2A28-44CB-92ED-5CB1C53EC58C}"
EndProject
Project("{9A19103F-16F7-4668-BE54-9A1E7A4F7556}") = "SEDC.PizzaApp.Refactored.ViewModels", "SEDC.PizzaApp.Refactored.ViewModels\SEDC.PizzaApp.Refactored.ViewModels.csproj", "{C503EB4D-913A-45F8-A460-83E03DABF483}"
EndProject
Project("{9A19103F-16F7-4668-BE54-9A1E7A4F7556}") = "SEDC.PizzaApp.Refactored.Mappers", "SEDC.PizzaApp.Refactored.Mappers\SEDC.PizzaApp.Refactored.Mappers.csproj", "{430BE329-0240-4E53-A521-194D1EE61A05}"
EndProject
Project("{FAE04EC0-301F-11D3-BF4B-00C04F79EFBC}") = "SEDC.PizzaApp.Refactored.Shared", "SEDC.PizzaApp.Refactored.Shared\SEDC.PizzaApp.Refactored.Shared.csproj", "{D8946DA5-6290-4632-99E3-CE760F997883}"
EndProject
Global
	GlobalSection(SolutionConfigurationPlatforms) = preSolution
		Debug|Any CPU = Debug|Any CPU
		Release|Any CPU = Release|Any CPU
	EndGlobalSection
	GlobalSection(ProjectConfigurationPlatforms) = postSolution
		{FA2CC110-93EA-47E0-8B18-7C8B39BA70C3}.Debug|Any CPU.ActiveCfg = Debug|Any CPU
		{FA2CC110-93EA-47E0-8B18-7C8B39BA70C3}.Debug|Any CPU.Build.0 = Debug|Any CPU
		{FA2CC110-93EA-47E0-8B18-7C8B39BA70C3}.Release|Any CPU.ActiveCfg = Release|Any CPU
		{FA2CC110-93EA-47E0-8B18-7C8B39BA70C3}.Release|Any CPU.Build.0 = Release|Any CPU
		{58A7B501-12F6-46EE-B3E1-0B01704AF4C5}.Debug|Any CPU.ActiveCfg = Debug|Any CPU
		{58A7B501-12F6-46EE-B3E1-0B01704AF4C5}.Debug|Any CPU.Build.0 = Debug|Any CPU
		{58A7B501-12F6-46EE-B3E1-0B01704AF4C5}.Release|Any CPU.ActiveCfg = Release|Any CPU
		{58A7B501-12F6-46EE-B3E1-0B01704AF4C5}.Release|Any CPU.Build.0 = Release|Any CPU
		{7423BC72-49D2-4D65-883A-B4624690DD8F}.Debug|Any CPU.ActiveCfg = Debug|Any CPU
		{7423BC72-49D2-4D65-883A-B4624690DD8F}.Debug|Any CPU.Build.0 = Debug|Any CPU
		{7423BC72-49D2-4D65-883A-B4624690DD8F}.Release|Any CPU.ActiveCfg = Release|Any CPU
		{7423BC72-49D2-4D65-883A-B4624690DD8F}.Release|Any CPU.Build.0 = Release|Any CPU
		{82047070-2A28-44CB-92ED-5CB1C53EC58C}.Debug|Any CPU.ActiveCfg = Debug|Any CPU
		{82047070-2A28-44CB-92ED-5CB1C53EC58C}.Debug|Any CPU.Build.0 = Debug|Any CPU
		{82047070-2A28-44CB-92ED-5CB1C53EC58C}.Release|Any CPU.ActiveCfg = Release|Any CPU
		{82047070-2A28-44CB-92ED-5CB1C53EC58C}.Release|Any CPU.Build.0 = Release|Any CPU
		{C503EB4D-913A-45F8-A460-83E03DABF483}.Debug|Any CPU.ActiveCfg = Debug|Any CPU
		{C503EB4D-913A-45F8-A460-83E03DABF483}.Debug|Any CPU.Build.0 = Debug|Any CPU
		{C503EB4D-913A-45F8-A460-83E03DABF483}.Release|Any CPU.ActiveCfg = Release|Any CPU
		{C503EB4D-913A-45F8-A460-83E03DABF483}.Release|Any CPU.Build.0 = Release|Any CPU
		{430BE329-0240-4E53-A521-194D1EE61A05}.Debug|Any CPU.ActiveCfg = Debug|Any CPU
		{430BE329-0240-4E53-A521-194D1EE61A05}.Debug|Any CPU.Build.0 = Debug|Any CPU
		{430BE329-0240-4E53-A521-194D1EE61A05}.Release|Any CPU.ActiveCfg = Release|Any CPU
		{430BE329-0240-4E53-A521-194D1EE61A05}.Release|Any CPU.Build.0 = Release|Any CPU
		{D8946DA5-6290-4632-99E3-CE760F997883}.Debug|Any CPU.ActiveCfg = Debug|Any CPU
		{D8946DA5-6290-4632-99E3-CE760F997883}.Debug|Any CPU.Build.0 = Debug|Any CPU
		{D8946DA5-6290-4632-99E3-CE760F997883}.Release|Any CPU.ActiveCfg = Release|Any CPU
		{D8946DA5-6290-4632-99E3-CE760F997883}.Release|Any CPU.Build.0 = Release|Any CPU
	EndGlobalSection
	GlobalSection(SolutionProperties) = preSolution
		HideSolutionNode = FALSE
	EndGlobalSection
	GlobalSection(ExtensibilityGlobals) = postSolution
		SolutionGuid = {2FE91AB8-D5AC-48EF-96A6-59F73F8289BB}
	EndGlobalSection
EndGlobal
