
Microsoft Visual Studio Solution File, Format Version 12.00
# Visual Studio Version 17
VisualStudioVersion = 17.2.32602.215
MinimumVisualStudioVersion = 10.0.40219.1
Project("{FAE04EC0-301F-11D3-BF4B-00C04F79EFBC}") = "OurFirstMVCApp", "OurFirstMVCApp\OurFirstMVCApp.csproj", "{9005B49D-F561-4AE9-9E73-B0C31116E1A1}"
EndProject
Global
	GlobalSection(SolutionConfigurationPlatforms) = preSolution
		Debug|Any CPU = Debug|Any CPU
		Release|Any CPU = Release|Any CPU
	EndGlobalSection
	GlobalSection(ProjectConfigurationPlatforms) = postSolution
		{9005B49D-F561-4AE9-9E73-B0C31116E1A1}.Debug|Any CPU.ActiveCfg = Debug|Any CPU
		{9005B49D-F561-4AE9-9E73-B0C31116E1A1}.Debug|Any CPU.Build.0 = Debug|Any CPU
		{9005B49D-F561-4AE9-9E73-B0C31116E1A1}.Release|Any CPU.ActiveCfg = Release|Any CPU
		{9005B49D-F561-4AE9-9E73-B0C31116E1A1}.Release|Any CPU.Build.0 = Release|Any CPU
	EndGlobalSection
	GlobalSection(SolutionProperties) = preSolution
		HideSolutionNode = FALSE
	EndGlobalSection
	GlobalSection(ExtensibilityGlobals) = postSolution
		SolutionGuid = {5096D250-62E4-44FD-BCBA-96F02AD2624E}
	EndGlobalSection
EndGlobal
