
Microsoft Visual Studio Solution File, Format Version 12.00
# Visual Studio Version 17
VisualStudioVersion = 17.2.32602.215
MinimumVisualStudioVersion = 10.0.40219.1
Project("{FAE04EC0-301F-11D3-BF4B-00C04F79EFBC}") = "LibraryApp", "LibraryApp\LibraryApp.csproj", "{970B589D-7AE2-42DD-B9FC-2E0A5E2460F1}"
EndProject
Global
	GlobalSection(SolutionConfigurationPlatforms) = preSolution
		Debug|Any CPU = Debug|Any CPU
		Release|Any CPU = Release|Any CPU
	EndGlobalSection
	GlobalSection(ProjectConfigurationPlatforms) = postSolution
		{970B589D-7AE2-42DD-B9FC-2E0A5E2460F1}.Debug|Any CPU.ActiveCfg = Debug|Any CPU
		{970B589D-7AE2-42DD-B9FC-2E0A5E2460F1}.Debug|Any CPU.Build.0 = Debug|Any CPU
		{970B589D-7AE2-42DD-B9FC-2E0A5E2460F1}.Release|Any CPU.ActiveCfg = Release|Any CPU
		{970B589D-7AE2-42DD-B9FC-2E0A5E2460F1}.Release|Any CPU.Build.0 = Release|Any CPU
	EndGlobalSection
	GlobalSection(SolutionProperties) = preSolution
		HideSolutionNode = FALSE
	EndGlobalSection
	GlobalSection(ExtensibilityGlobals) = postSolution
		SolutionGuid = {C21F8A45-81E9-4ADC-92F0-9A6E245CF391}
	EndGlobalSection
EndGlobal
