
Microsoft Visual Studio Solution File, Format Version 12.00
# Visual Studio Version 17
VisualStudioVersion = 17.5.33627.172
MinimumVisualStudioVersion = 10.0.40219.1
Project("{FAE04EC0-301F-11D3-BF4B-00C04F79EFBC}") = "OurFirstWebApp", "OurFirstWebApp\OurFirstWebApp.csproj", "{4118C276-E0AF-4C11-BF5A-3AB50919DC31}"
EndProject
Global
	GlobalSection(SolutionConfigurationPlatforms) = preSolution
		Debug|Any CPU = Debug|Any CPU
		Release|Any CPU = Release|Any CPU
	EndGlobalSection
	GlobalSection(ProjectConfigurationPlatforms) = postSolution
		{4118C276-E0AF-4C11-BF5A-3AB50919DC31}.Debug|Any CPU.ActiveCfg = Debug|Any CPU
		{4118C276-E0AF-4C11-BF5A-3AB50919DC31}.Debug|Any CPU.Build.0 = Debug|Any CPU
		{4118C276-E0AF-4C11-BF5A-3AB50919DC31}.Release|Any CPU.ActiveCfg = Release|Any CPU
		{4118C276-E0AF-4C11-BF5A-3AB50919DC31}.Release|Any CPU.Build.0 = Release|Any CPU
	EndGlobalSection
	GlobalSection(SolutionProperties) = preSolution
		HideSolutionNode = FALSE
	EndGlobalSection
	GlobalSection(ExtensibilityGlobals) = postSolution
		SolutionGuid = {BCDBD035-9726-4DE8-9021-60371C2F2C25}
	EndGlobalSection
EndGlobal
