
Microsoft Visual Studio Solution File, Format Version 12.00
# Visual Studio Version 17
VisualStudioVersion = 17.5.33516.290
MinimumVisualStudioVersion = 10.0.40219.1
Project("{FAE04EC0-301F-11D3-BF4B-00C04F79EFBC}") = "MyFirstWebApp", "MyFirstWebApp\MyFirstWebApp.csproj", "{F3236DEE-7DD6-4DC9-ACB8-9F6C72866817}"
EndProject
Global
	GlobalSection(SolutionConfigurationPlatforms) = preSolution
		Debug|Any CPU = Debug|Any CPU
		Release|Any CPU = Release|Any CPU
	EndGlobalSection
	GlobalSection(ProjectConfigurationPlatforms) = postSolution
		{F3236DEE-7DD6-4DC9-ACB8-9F6C72866817}.Debug|Any CPU.ActiveCfg = Debug|Any CPU
		{F3236DEE-7DD6-4DC9-ACB8-9F6C72866817}.Debug|Any CPU.Build.0 = Debug|Any CPU
		{F3236DEE-7DD6-4DC9-ACB8-9F6C72866817}.Release|Any CPU.ActiveCfg = Release|Any CPU
		{F3236DEE-7DD6-4DC9-ACB8-9F6C72866817}.Release|Any CPU.Build.0 = Release|Any CPU
	EndGlobalSection
	GlobalSection(SolutionProperties) = preSolution
		HideSolutionNode = FALSE
	EndGlobalSection
	GlobalSection(ExtensibilityGlobals) = postSolution
		SolutionGuid = {9295A1AE-30E9-412D-A201-E882D0E1FAB2}
	EndGlobalSection
EndGlobal
