
Microsoft Visual Studio Solution File, Format Version 12.00
# Visual Studio Version 17
VisualStudioVersion = 17.2.32526.322
MinimumVisualStudioVersion = 10.0.40219.1
Project("{9A19103F-16F7-4668-BE54-9A1E7A4F7556}") = "SEDC.PizzaApp.Web", "SEDC.PizzaApp.Web\SEDC.PizzaApp.Web.csproj", "{A099212F-7CEB-4B8F-9323-822617351ADA}"
EndProject
Project("{FAE04EC0-301F-11D3-BF4B-00C04F79EFBC}") = "SEDC.PizzaApp.Data", "SEDC.PizzaApp.Data\SEDC.PizzaApp.Data.csproj", "{E6BC60CB-4E83-4E70-90A5-1312274E7A4E}"
EndProject
Project("{FAE04EC0-301F-11D3-BF4B-00C04F79EFBC}") = "SEDC.PIzzaApp.BLL", "SEDC.PIzzaApp.BLL\SEDC.PIzzaApp.BLL.csproj", "{40BCD1EA-81BF-4DB8-A794-F40180E15001}"
EndProject
Global
	GlobalSection(SolutionConfigurationPlatforms) = preSolution
		Debug|Any CPU = Debug|Any CPU
		Release|Any CPU = Release|Any CPU
	EndGlobalSection
	GlobalSection(ProjectConfigurationPlatforms) = postSolution
		{A099212F-7CEB-4B8F-9323-822617351ADA}.Debug|Any CPU.ActiveCfg = Debug|Any CPU
		{A099212F-7CEB-4B8F-9323-822617351ADA}.Debug|Any CPU.Build.0 = Debug|Any CPU
		{A099212F-7CEB-4B8F-9323-822617351ADA}.Release|Any CPU.ActiveCfg = Release|Any CPU
		{A099212F-7CEB-4B8F-9323-822617351ADA}.Release|Any CPU.Build.0 = Release|Any CPU
		{E6BC60CB-4E83-4E70-90A5-1312274E7A4E}.Debug|Any CPU.ActiveCfg = Debug|Any CPU
		{E6BC60CB-4E83-4E70-90A5-1312274E7A4E}.Debug|Any CPU.Build.0 = Debug|Any CPU
		{E6BC60CB-4E83-4E70-90A5-1312274E7A4E}.Release|Any CPU.ActiveCfg = Release|Any CPU
		{E6BC60CB-4E83-4E70-90A5-1312274E7A4E}.Release|Any CPU.Build.0 = Release|Any CPU
		{40BCD1EA-81BF-4DB8-A794-F40180E15001}.Debug|Any CPU.ActiveCfg = Debug|Any CPU
		{40BCD1EA-81BF-4DB8-A794-F40180E15001}.Debug|Any CPU.Build.0 = Debug|Any CPU
		{40BCD1EA-81BF-4DB8-A794-F40180E15001}.Release|Any CPU.ActiveCfg = Release|Any CPU
		{40BCD1EA-81BF-4DB8-A794-F40180E15001}.Release|Any CPU.Build.0 = Release|Any CPU
	EndGlobalSection
	GlobalSection(SolutionProperties) = preSolution
		HideSolutionNode = FALSE
	EndGlobalSection
	GlobalSection(ExtensibilityGlobals) = postSolution
		SolutionGuid = {FF2A666E-57C9-4A53-BD00-CF1F6DCDCE17}
	EndGlobalSection
EndGlobal
