
Microsoft Visual Studio Solution File, Format Version 12.00
# Visual Studio Version 17
VisualStudioVersion = 17.5.33414.496
MinimumVisualStudioVersion = 10.0.40219.1
Project("{FAE04EC0-301F-11D3-BF4B-00C04F79EFBC}") = "PizzaAppRefactored", "PizzaAppRefactored\PizzaAppRefactored.csproj", "{3011CFFC-65D6-4B72-BD0A-E329E28491AB}"
EndProject
Project("{FAE04EC0-301F-11D3-BF4B-00C04F79EFBC}") = "PizzaAppRefactored.Domain", "PizzaAppRefactored.Domain\PizzaAppRefactored.Domain.csproj", "{EFE0C997-A092-4B17-A158-B8EDFAFB9306}"
EndProject
Global
	GlobalSection(SolutionConfigurationPlatforms) = preSolution
		Debug|Any CPU = Debug|Any CPU
		Release|Any CPU = Release|Any CPU
	EndGlobalSection
	GlobalSection(ProjectConfigurationPlatforms) = postSolution
		{3011CFFC-65D6-4B72-BD0A-E329E28491AB}.Debug|Any CPU.ActiveCfg = Debug|Any CPU
		{3011CFFC-65D6-4B72-BD0A-E329E28491AB}.Debug|Any CPU.Build.0 = Debug|Any CPU
		{3011CFFC-65D6-4B72-BD0A-E329E28491AB}.Release|Any CPU.ActiveCfg = Release|Any CPU
		{3011CFFC-65D6-4B72-BD0A-E329E28491AB}.Release|Any CPU.Build.0 = Release|Any CPU
		{EFE0C997-A092-4B17-A158-B8EDFAFB9306}.Debug|Any CPU.ActiveCfg = Debug|Any CPU
		{EFE0C997-A092-4B17-A158-B8EDFAFB9306}.Debug|Any CPU.Build.0 = Debug|Any CPU
		{EFE0C997-A092-4B17-A158-B8EDFAFB9306}.Release|Any CPU.ActiveCfg = Release|Any CPU
		{EFE0C997-A092-4B17-A158-B8EDFAFB9306}.Release|Any CPU.Build.0 = Release|Any CPU
	EndGlobalSection
	GlobalSection(SolutionProperties) = preSolution
		HideSolutionNode = FALSE
	EndGlobalSection
	GlobalSection(ExtensibilityGlobals) = postSolution
		SolutionGuid = {B1C83E49-8B6A-4A1B-A187-8249B0E9D817}
	EndGlobalSection
EndGlobal
