
Microsoft Visual Studio Solution File, Format Version 12.00
# Visual Studio Version 17
VisualStudioVersion = 17.5.33414.496
MinimumVisualStudioVersion = 10.0.40219.1
Project("{FAE04EC0-301F-11D3-BF4B-00C04F79EFBC}") = "ViewsDemoWebApp", "ViewsDemoWebApp\ViewsDemoWebApp.csproj", "{BC40FA04-934B-4AAD-B4EC-13DB85889DE0}"
EndProject
Project("{FAE04EC0-301F-11D3-BF4B-00C04F79EFBC}") = "Models", "Models\Models.csproj", "{69AF1ACB-F0CE-4504-A416-6117D04E97E4}"
EndProject
Global
	GlobalSection(SolutionConfigurationPlatforms) = preSolution
		Debug|Any CPU = Debug|Any CPU
		Release|Any CPU = Release|Any CPU
	EndGlobalSection
	GlobalSection(ProjectConfigurationPlatforms) = postSolution
		{BC40FA04-934B-4AAD-B4EC-13DB85889DE0}.Debug|Any CPU.ActiveCfg = Debug|Any CPU
		{BC40FA04-934B-4AAD-B4EC-13DB85889DE0}.Debug|Any CPU.Build.0 = Debug|Any CPU
		{BC40FA04-934B-4AAD-B4EC-13DB85889DE0}.Release|Any CPU.ActiveCfg = Release|Any CPU
		{BC40FA04-934B-4AAD-B4EC-13DB85889DE0}.Release|Any CPU.Build.0 = Release|Any CPU
		{69AF1ACB-F0CE-4504-A416-6117D04E97E4}.Debug|Any CPU.ActiveCfg = Debug|Any CPU
		{69AF1ACB-F0CE-4504-A416-6117D04E97E4}.Debug|Any CPU.Build.0 = Debug|Any CPU
		{69AF1ACB-F0CE-4504-A416-6117D04E97E4}.Release|Any CPU.ActiveCfg = Release|Any CPU
		{69AF1ACB-F0CE-4504-A416-6117D04E97E4}.Release|Any CPU.Build.0 = Release|Any CPU
	EndGlobalSection
	GlobalSection(SolutionProperties) = preSolution
		HideSolutionNode = FALSE
	EndGlobalSection
	GlobalSection(ExtensibilityGlobals) = postSolution
		SolutionGuid = {9AD73D01-5394-4C86-A6C7-AAF17C050891}
	EndGlobalSection
EndGlobal
