
Microsoft Visual Studio Solution File, Format Version 12.00
# Visual Studio Version 17
VisualStudioVersion = 17.2.32526.322
MinimumVisualStudioVersion = 10.0.40219.1
Project("{FAE04EC0-301F-11D3-BF4B-00C04F79EFBC}") = "SEDC.PizzaApp", "SEDC.PizzaApp\SEDC.PizzaApp.csproj", "{A98368BE-3351-4DBF-9781-307A62B89D20}"
EndProject
Global
	GlobalSection(SolutionConfigurationPlatforms) = preSolution
		Debug|Any CPU = Debug|Any CPU
		Release|Any CPU = Release|Any CPU
	EndGlobalSection
	GlobalSection(ProjectConfigurationPlatforms) = postSolution
		{A98368BE-3351-4DBF-9781-307A62B89D20}.Debug|Any CPU.ActiveCfg = Debug|Any CPU
		{A98368BE-3351-4DBF-9781-307A62B89D20}.Debug|Any CPU.Build.0 = Debug|Any CPU
		{A98368BE-3351-4DBF-9781-307A62B89D20}.Release|Any CPU.ActiveCfg = Release|Any CPU
		{A98368BE-3351-4DBF-9781-307A62B89D20}.Release|Any CPU.Build.0 = Release|Any CPU
	EndGlobalSection
	GlobalSection(SolutionProperties) = preSolution
		HideSolutionNode = FALSE
	EndGlobalSection
	GlobalSection(ExtensibilityGlobals) = postSolution
		SolutionGuid = {FB5C7330-8D2B-4301-B62F-B77FC58C137B}
	EndGlobalSection
EndGlobal
