
Microsoft Visual Studio Solution File, Format Version 12.00
# Visual Studio Version 17
VisualStudioVersion = 17.5.33627.172
MinimumVisualStudioVersion = 10.0.40219.1
Project("{FAE04EC0-301F-11D3-BF4B-00C04F79EFBC}") = "OurFirstWebApp", "OurFirstWebApp\OurFirstWebApp.csproj", "{A3857FA3-A8C3-4C51-8E10-E904BBD8F079}"
EndProject
Global
	GlobalSection(SolutionConfigurationPlatforms) = preSolution
		Debug|Any CPU = Debug|Any CPU
		Release|Any CPU = Release|Any CPU
	EndGlobalSection
	GlobalSection(ProjectConfigurationPlatforms) = postSolution
		{A3857FA3-A8C3-4C51-8E10-E904BBD8F079}.Debug|Any CPU.ActiveCfg = Debug|Any CPU
		{A3857FA3-A8C3-4C51-8E10-E904BBD8F079}.Debug|Any CPU.Build.0 = Debug|Any CPU
		{A3857FA3-A8C3-4C51-8E10-E904BBD8F079}.Release|Any CPU.ActiveCfg = Release|Any CPU
		{A3857FA3-A8C3-4C51-8E10-E904BBD8F079}.Release|Any CPU.Build.0 = Release|Any CPU
	EndGlobalSection
	GlobalSection(SolutionProperties) = preSolution
		HideSolutionNode = FALSE
	EndGlobalSection
	GlobalSection(ExtensibilityGlobals) = postSolution
		SolutionGuid = {B9C08A0F-3896-4D09-8A6E-80263E1582CB}
	EndGlobalSection
EndGlobal
