
Microsoft Visual Studio Solution File, Format Version 12.00
# Visual Studio Version 17
VisualStudioVersion = 17.5.33516.290
MinimumVisualStudioVersion = 10.0.40219.1
Project("{FAE04EC0-301F-11D3-BF4B-00C04F79EFBC}") = "LibraryApp", "LibraryApp\LibraryApp.csproj", "{45356DCB-569B-46DB-B9B5-72A6952C15B8}"
EndProject
Global
	GlobalSection(SolutionConfigurationPlatforms) = preSolution
		Debug|Any CPU = Debug|Any CPU
		Release|Any CPU = Release|Any CPU
	EndGlobalSection
	GlobalSection(ProjectConfigurationPlatforms) = postSolution
		{45356DCB-569B-46DB-B9B5-72A6952C15B8}.Debug|Any CPU.ActiveCfg = Debug|Any CPU
		{45356DCB-569B-46DB-B9B5-72A6952C15B8}.Debug|Any CPU.Build.0 = Debug|Any CPU
		{45356DCB-569B-46DB-B9B5-72A6952C15B8}.Release|Any CPU.ActiveCfg = Release|Any CPU
		{45356DCB-569B-46DB-B9B5-72A6952C15B8}.Release|Any CPU.Build.0 = Release|Any CPU
	EndGlobalSection
	GlobalSection(SolutionProperties) = preSolution
		HideSolutionNode = FALSE
	EndGlobalSection
	GlobalSection(ExtensibilityGlobals) = postSolution
		SolutionGuid = {045DF4E4-3C8B-46CA-A355-2F045F5C329D}
	EndGlobalSection
EndGlobal
