
Microsoft Visual Studio Solution File, Format Version 12.00
# Visual Studio Version 17
VisualStudioVersion = 17.2.32526.322
MinimumVisualStudioVersion = 10.0.40219.1
Project("{FAE04EC0-301F-11D3-BF4B-00C04F79EFBC}") = "FirstWebApplication", "FirstWebApplication\FirstWebApplication.csproj", "{567CA067-20E9-4800-BDA4-097CF7D4286F}"
EndProject
Global
	GlobalSection(SolutionConfigurationPlatforms) = preSolution
		Debug|Any CPU = Debug|Any CPU
		Release|Any CPU = Release|Any CPU
	EndGlobalSection
	GlobalSection(ProjectConfigurationPlatforms) = postSolution
		{567CA067-20E9-4800-BDA4-097CF7D4286F}.Debug|Any CPU.ActiveCfg = Debug|Any CPU
		{567CA067-20E9-4800-BDA4-097CF7D4286F}.Debug|Any CPU.Build.0 = Debug|Any CPU
		{567CA067-20E9-4800-BDA4-097CF7D4286F}.Release|Any CPU.ActiveCfg = Release|Any CPU
		{567CA067-20E9-4800-BDA4-097CF7D4286F}.Release|Any CPU.Build.0 = Release|Any CPU
	EndGlobalSection
	GlobalSection(SolutionProperties) = preSolution
		HideSolutionNode = FALSE
	EndGlobalSection
	GlobalSection(ExtensibilityGlobals) = postSolution
		SolutionGuid = {74411D78-A7E8-41FB-B281-7210676991EF}
	EndGlobalSection
EndGlobal
